
Microsoft Visual Studio Solution File, Format Version 12.00
# Visual Studio Version 16
VisualStudioVersion = 16.0.30114.105
MinimumVisualStudioVersion = 10.0.40219.1
Project("{FAE04EC0-301F-11D3-BF4B-00C04F79EFBC}") = "Activities.API", "Activities.API\Activities.API.csproj", "{37217813-1F3D-4BA2-BE1A-E1C422F87674}"
EndProject
Project("{FAE04EC0-301F-11D3-BF4B-00C04F79EFBC}") = "Activities.Data", "Activities.Data\Activities.Data.csproj", "{A7002D13-7CC0-442E-B08D-8F0FBCD3B64F}"
EndProject
Project("{FAE04EC0-301F-11D3-BF4B-00C04F79EFBC}") = "Activities.Domain", "Activities.Domain\Activities.Domain.csproj", "{8FFA375E-67DD-4EC7-84D6-C7287FD570F1}"
EndProject
Global
	GlobalSection(SolutionConfigurationPlatforms) = preSolution
		Debug|Any CPU = Debug|Any CPU
		Debug|x64 = Debug|x64
		Debug|x86 = Debug|x86
		Release|Any CPU = Release|Any CPU
		Release|x64 = Release|x64
		Release|x86 = Release|x86
	EndGlobalSection
	GlobalSection(SolutionProperties) = preSolution
		HideSolutionNode = FALSE
	EndGlobalSection
	GlobalSection(ProjectConfigurationPlatforms) = postSolution
		{37217813-1F3D-4BA2-BE1A-E1C422F87674}.Debug|Any CPU.ActiveCfg = Debug|Any CPU
		{37217813-1F3D-4BA2-BE1A-E1C422F87674}.Debug|Any CPU.Build.0 = Debug|Any CPU
		{37217813-1F3D-4BA2-BE1A-E1C422F87674}.Debug|x64.ActiveCfg = Debug|Any CPU
		{37217813-1F3D-4BA2-BE1A-E1C422F87674}.Debug|x64.Build.0 = Debug|Any CPU
		{37217813-1F3D-4BA2-BE1A-E1C422F87674}.Debug|x86.ActiveCfg = Debug|Any CPU
		{37217813-1F3D-4BA2-BE1A-E1C422F87674}.Debug|x86.Build.0 = Debug|Any CPU
		{37217813-1F3D-4BA2-BE1A-E1C422F87674}.Release|Any CPU.ActiveCfg = Release|Any CPU
		{37217813-1F3D-4BA2-BE1A-E1C422F87674}.Release|Any CPU.Build.0 = Release|Any CPU
		{37217813-1F3D-4BA2-BE1A-E1C422F87674}.Release|x64.ActiveCfg = Release|Any CPU
		{37217813-1F3D-4BA2-BE1A-E1C422F87674}.Release|x64.Build.0 = Release|Any CPU
		{37217813-1F3D-4BA2-BE1A-E1C422F87674}.Release|x86.ActiveCfg = Release|Any CPU
		{37217813-1F3D-4BA2-BE1A-E1C422F87674}.Release|x86.Build.0 = Release|Any CPU
		{A7002D13-7CC0-442E-B08D-8F0FBCD3B64F}.Debug|Any CPU.ActiveCfg = Debug|Any CPU
		{A7002D13-7CC0-442E-B08D-8F0FBCD3B64F}.Debug|Any CPU.Build.0 = Debug|Any CPU
		{A7002D13-7CC0-442E-B08D-8F0FBCD3B64F}.Debug|x64.ActiveCfg = Debug|Any CPU
		{A7002D13-7CC0-442E-B08D-8F0FBCD3B64F}.Debug|x64.Build.0 = Debug|Any CPU
		{A7002D13-7CC0-442E-B08D-8F0FBCD3B64F}.Debug|x86.ActiveCfg = Debug|Any CPU
		{A7002D13-7CC0-442E-B08D-8F0FBCD3B64F}.Debug|x86.Build.0 = Debug|Any CPU
		{A7002D13-7CC0-442E-B08D-8F0FBCD3B64F}.Release|Any CPU.ActiveCfg = Release|Any CPU
		{A7002D13-7CC0-442E-B08D-8F0FBCD3B64F}.Release|Any CPU.Build.0 = Release|Any CPU
		{A7002D13-7CC0-442E-B08D-8F0FBCD3B64F}.Release|x64.ActiveCfg = Release|Any CPU
		{A7002D13-7CC0-442E-B08D-8F0FBCD3B64F}.Release|x64.Build.0 = Release|Any CPU
		{A7002D13-7CC0-442E-B08D-8F0FBCD3B64F}.Release|x86.ActiveCfg = Release|Any CPU
		{A7002D13-7CC0-442E-B08D-8F0FBCD3B64F}.Release|x86.Build.0 = Release|Any CPU
		{8FFA375E-67DD-4EC7-84D6-C7287FD570F1}.Debug|Any CPU.ActiveCfg = Debug|Any CPU
		{8FFA375E-67DD-4EC7-84D6-C7287FD570F1}.Debug|Any CPU.Build.0 = Debug|Any CPU
		{8FFA375E-67DD-4EC7-84D6-C7287FD570F1}.Debug|x64.ActiveCfg = Debug|Any CPU
		{8FFA375E-67DD-4EC7-84D6-C7287FD570F1}.Debug|x64.Build.0 = Debug|Any CPU
		{8FFA375E-67DD-4EC7-84D6-C7287FD570F1}.Debug|x86.ActiveCfg = Debug|Any CPU
		{8FFA375E-67DD-4EC7-84D6-C7287FD570F1}.Debug|x86.Build.0 = Debug|Any CPU
		{8FFA375E-67DD-4EC7-84D6-C7287FD570F1}.Release|Any CPU.ActiveCfg = Release|Any CPU
		{8FFA375E-67DD-4EC7-84D6-C7287FD570F1}.Release|Any CPU.Build.0 = Release|Any CPU
		{8FFA375E-67DD-4EC7-84D6-C7287FD570F1}.Release|x64.ActiveCfg = Release|Any CPU
		{8FFA375E-67DD-4EC7-84D6-C7287FD570F1}.Release|x64.Build.0 = Release|Any CPU
		{8FFA375E-67DD-4EC7-84D6-C7287FD570F1}.Release|x86.ActiveCfg = Release|Any CPU
		{8FFA375E-67DD-4EC7-84D6-C7287FD570F1}.Release|x86.Build.0 = Release|Any CPU
	EndGlobalSection
EndGlobal
